
Microsoft Visual Studio Solution File, Format Version 12.00
# Visual Studio Version 17
VisualStudioVersion = 17.2.32616.157
MinimumVisualStudioVersion = 10.0.40219.1
Project("{FAE04EC0-301F-11D3-BF4B-00C04F79EFBC}") = "Qvastart - 1", "Qvastart - 1\Qvastart - 1.csproj", "{EC2DC7B3-54D3-420D-800F-8D3C237094C6}"
EndProject
Global
	GlobalSection(SolutionConfigurationPlatforms) = preSolution
		Debug|Any CPU = Debug|Any CPU
		Release|Any CPU = Release|Any CPU
	EndGlobalSection
	GlobalSection(ProjectConfigurationPlatforms) = postSolution
		{EC2DC7B3-54D3-420D-800F-8D3C237094C6}.Debug|Any CPU.ActiveCfg = Debug|Any CPU
		{EC2DC7B3-54D3-420D-800F-8D3C237094C6}.Debug|Any CPU.Build.0 = Debug|Any CPU
		{EC2DC7B3-54D3-420D-800F-8D3C237094C6}.Release|Any CPU.ActiveCfg = Release|Any CPU
		{EC2DC7B3-54D3-420D-800F-8D3C237094C6}.Release|Any CPU.Build.0 = Release|Any CPU
	EndGlobalSection
	GlobalSection(SolutionProperties) = preSolution
		HideSolutionNode = FALSE
	EndGlobalSection
	GlobalSection(ExtensibilityGlobals) = postSolution
		SolutionGuid = {B0B47796-D2DB-417E-B3FE-56B59697524A}
	EndGlobalSection
EndGlobal
